
Microsoft Visual Studio Solution File, Format Version 12.00
# Visual Studio 15
VisualStudioVersion = 15.0.27703.2000
MinimumVisualStudioVersion = 10.0.40219.1
Project("{FAE04EC0-301F-11D3-BF4B-00C04F79EFBC}") = "FileCoding", "FileCoding\FileCoding.csproj", "{E8D029EF-EAD6-4B3E-85F9-2F4C188CC2CB}"
EndProject
Global
	GlobalSection(SolutionConfigurationPlatforms) = preSolution
		Debug|Any CPU = Debug|Any CPU
		Release|Any CPU = Release|Any CPU
	EndGlobalSection
	GlobalSection(ProjectConfigurationPlatforms) = postSolution
		{E8D029EF-EAD6-4B3E-85F9-2F4C188CC2CB}.Debug|Any CPU.ActiveCfg = Debug|Any CPU
		{E8D029EF-EAD6-4B3E-85F9-2F4C188CC2CB}.Debug|Any CPU.Build.0 = Debug|Any CPU
		{E8D029EF-EAD6-4B3E-85F9-2F4C188CC2CB}.Release|Any CPU.ActiveCfg = Release|Any CPU
		{E8D029EF-EAD6-4B3E-85F9-2F4C188CC2CB}.Release|Any CPU.Build.0 = Release|Any CPU
	EndGlobalSection
	GlobalSection(SolutionProperties) = preSolution
		HideSolutionNode = FALSE
	EndGlobalSection
	GlobalSection(ExtensibilityGlobals) = postSolution
		SolutionGuid = {79CAE884-BAAD-4964-809B-E75697F8B955}
	EndGlobalSection
EndGlobal
